
Microsoft Visual Studio Solution File, Format Version 12.00
# Visual Studio Version 16
VisualStudioVersion = 16.0.31410.357
MinimumVisualStudioVersion = 10.0.40219.1
Project("{FAE04EC0-301F-11D3-BF4B-00C04F79EFBC}") = "ContactAppDesktop", "ContactAppDesktop\ContactAppDesktop.csproj", "{FA7F03A7-8DEE-431F-A81D-F21B76F0DFAF}"
EndProject
Global
	GlobalSection(SolutionConfigurationPlatforms) = preSolution
		Debug|Any CPU = Debug|Any CPU
		Release|Any CPU = Release|Any CPU
	EndGlobalSection
	GlobalSection(ProjectConfigurationPlatforms) = postSolution
		{FA7F03A7-8DEE-431F-A81D-F21B76F0DFAF}.Debug|Any CPU.ActiveCfg = Debug|Any CPU
		{FA7F03A7-8DEE-431F-A81D-F21B76F0DFAF}.Debug|Any CPU.Build.0 = Debug|Any CPU
		{FA7F03A7-8DEE-431F-A81D-F21B76F0DFAF}.Release|Any CPU.ActiveCfg = Release|Any CPU
		{FA7F03A7-8DEE-431F-A81D-F21B76F0DFAF}.Release|Any CPU.Build.0 = Release|Any CPU
	EndGlobalSection
	GlobalSection(SolutionProperties) = preSolution
		HideSolutionNode = FALSE
	EndGlobalSection
	GlobalSection(ExtensibilityGlobals) = postSolution
		SolutionGuid = {28596412-A875-453E-8E39-C67DB8A74A6A}
	EndGlobalSection
EndGlobal
